
Microsoft Visual Studio Solution File, Format Version 12.00
# Visual Studio 2015
Project("{FAE04EC0-301F-11D3-BF4B-00C04F79EFBC}") = "Bounty of Wastes.CSharp", "Bounty of Wastes.CSharp.csproj", "{03C3B0A9-DE05-ED4C-F8D3-3283D0660B6A}"
EndProject
Project("{FAE04EC0-301F-11D3-BF4B-00C04F79EFBC}") = "Bounty of Wastes.CSharp.Editor", "Bounty of Wastes.CSharp.Editor.csproj", "{656C77DD-2FB8-D715-0E25-6652C2193432}"
EndProject
Global
	GlobalSection(SolutionConfigurationPlatforms) = preSolution
		Debug|Any CPU = Debug|Any CPU
		Release|Any CPU = Release|Any CPU
	EndGlobalSection
	GlobalSection(ProjectConfigurationPlatforms) = postSolution
		{03C3B0A9-DE05-ED4C-F8D3-3283D0660B6A}.Debug|Any CPU.ActiveCfg = Debug|Any CPU
		{03C3B0A9-DE05-ED4C-F8D3-3283D0660B6A}.Debug|Any CPU.Build.0 = Debug|Any CPU
		{03C3B0A9-DE05-ED4C-F8D3-3283D0660B6A}.Release|Any CPU.ActiveCfg = Release|Any CPU
		{03C3B0A9-DE05-ED4C-F8D3-3283D0660B6A}.Release|Any CPU.Build.0 = Release|Any CPU
		{656C77DD-2FB8-D715-0E25-6652C2193432}.Debug|Any CPU.ActiveCfg = Debug|Any CPU
		{656C77DD-2FB8-D715-0E25-6652C2193432}.Debug|Any CPU.Build.0 = Debug|Any CPU
		{656C77DD-2FB8-D715-0E25-6652C2193432}.Release|Any CPU.ActiveCfg = Release|Any CPU
		{656C77DD-2FB8-D715-0E25-6652C2193432}.Release|Any CPU.Build.0 = Release|Any CPU
	EndGlobalSection
	GlobalSection(SolutionProperties) = preSolution
		HideSolutionNode = FALSE
	EndGlobalSection
EndGlobal
